
Microsoft Visual Studio Solution File, Format Version 12.00
# Visual Studio Version 17
VisualStudioVersion = 17.0.32112.339
MinimumVisualStudioVersion = 10.0.40219.1
Project("{2150E333-8FDC-42A3-9474-1A3956D46DE8}") = "Docs", "Docs", "{CCEB908C-37F6-4818-88DA-3BC4C957B312}"
EndProject
Project("{2150E333-8FDC-42A3-9474-1A3956D46DE8}") = "Source", "Source", "{1C07B8B1-DFA8-43B4-8D66-5AEA9ED0CDF1}"
EndProject
Project("{2150E333-8FDC-42A3-9474-1A3956D46DE8}") = "Tests", "Tests", "{838BA805-F9F7-4131-88C9-90E9825FD0A2}"
EndProject
Project("{2150E333-8FDC-42A3-9474-1A3956D46DE8}") = "Core", "Core", "{EDD69430-8C1B-4C45-9628-4B1E4A3C4C68}"
EndProject
Project("{2150E333-8FDC-42A3-9474-1A3956D46DE8}") = "Infrastructure", "Infrastructure", "{E5EC1543-22C4-46B0-817B-86418591D30E}"
EndProject
Project("{2150E333-8FDC-42A3-9474-1A3956D46DE8}") = "Presentation", "Presentation", "{7B194C13-EFF4-4830-A587-68635EDE5ADF}"
EndProject
Project("{9A19103F-16F7-4668-BE54-9A1E7A4F7556}") = "Hackaton.Domain", "..\Hackaton.Domain\Hackaton.Domain.csproj", "{36E8FC65-9EE0-4C11-BD22-ACA1BE90799B}"
EndProject
Project("{9A19103F-16F7-4668-BE54-9A1E7A4F7556}") = "Hackaton.Application", "..\Hackaton.Application\Hackaton.Application.csproj", "{A0EBA51F-7F1D-45E0-A573-25E0C3F23AD4}"
EndProject
Project("{9A19103F-16F7-4668-BE54-9A1E7A4F7556}") = "Hackaton.Persistence", "Hackaton.Infrastructure.Persistence\Hackaton.Persistence.csproj", "{EF45757D-7570-49B2-AD9B-9BF06E64ED96}"
EndProject
Project("{9A19103F-16F7-4668-BE54-9A1E7A4F7556}") = "Hackaton.Service", "Hackaton.Service\Hackaton.Service.csproj", "{976FA07B-DEC1-4A5A-847C-B53A8FC33CE2}"
EndProject
Project("{9A19103F-16F7-4668-BE54-9A1E7A4F7556}") = "Hackaton.WebAPI", "Hackaton.WebAPI\Hackaton.WebAPI.csproj", "{9DCE900E-92C3-4FD6-A43E-1A11F888F367}"
EndProject
Project("{FAE04EC0-301F-11D3-BF4B-00C04F79EFBC}") = "Hackaton.WebAPI.Presentation", "Hackaton.WebAPI.Presentation\Hackaton.WebAPI.Presentation.csproj", "{75F04079-E8D3-40F1-BCAE-05B1749B2FB8}"
EndProject
Global
	GlobalSection(SolutionConfigurationPlatforms) = preSolution
		Debug|Any CPU = Debug|Any CPU
		Release|Any CPU = Release|Any CPU
	EndGlobalSection
	GlobalSection(ProjectConfigurationPlatforms) = postSolution
		{36E8FC65-9EE0-4C11-BD22-ACA1BE90799B}.Debug|Any CPU.ActiveCfg = Debug|Any CPU
		{36E8FC65-9EE0-4C11-BD22-ACA1BE90799B}.Debug|Any CPU.Build.0 = Debug|Any CPU
		{36E8FC65-9EE0-4C11-BD22-ACA1BE90799B}.Release|Any CPU.ActiveCfg = Release|Any CPU
		{36E8FC65-9EE0-4C11-BD22-ACA1BE90799B}.Release|Any CPU.Build.0 = Release|Any CPU
		{A0EBA51F-7F1D-45E0-A573-25E0C3F23AD4}.Debug|Any CPU.ActiveCfg = Debug|Any CPU
		{A0EBA51F-7F1D-45E0-A573-25E0C3F23AD4}.Debug|Any CPU.Build.0 = Debug|Any CPU
		{A0EBA51F-7F1D-45E0-A573-25E0C3F23AD4}.Release|Any CPU.ActiveCfg = Release|Any CPU
		{A0EBA51F-7F1D-45E0-A573-25E0C3F23AD4}.Release|Any CPU.Build.0 = Release|Any CPU
		{EF45757D-7570-49B2-AD9B-9BF06E64ED96}.Debug|Any CPU.ActiveCfg = Debug|Any CPU
		{EF45757D-7570-49B2-AD9B-9BF06E64ED96}.Debug|Any CPU.Build.0 = Debug|Any CPU
		{EF45757D-7570-49B2-AD9B-9BF06E64ED96}.Release|Any CPU.ActiveCfg = Release|Any CPU
		{EF45757D-7570-49B2-AD9B-9BF06E64ED96}.Release|Any CPU.Build.0 = Release|Any CPU
		{976FA07B-DEC1-4A5A-847C-B53A8FC33CE2}.Debug|Any CPU.ActiveCfg = Debug|Any CPU
		{976FA07B-DEC1-4A5A-847C-B53A8FC33CE2}.Debug|Any CPU.Build.0 = Debug|Any CPU
		{976FA07B-DEC1-4A5A-847C-B53A8FC33CE2}.Release|Any CPU.ActiveCfg = Release|Any CPU
		{976FA07B-DEC1-4A5A-847C-B53A8FC33CE2}.Release|Any CPU.Build.0 = Release|Any CPU
		{9DCE900E-92C3-4FD6-A43E-1A11F888F367}.Debug|Any CPU.ActiveCfg = Debug|Any CPU
		{9DCE900E-92C3-4FD6-A43E-1A11F888F367}.Debug|Any CPU.Build.0 = Debug|Any CPU
		{9DCE900E-92C3-4FD6-A43E-1A11F888F367}.Release|Any CPU.ActiveCfg = Release|Any CPU
		{9DCE900E-92C3-4FD6-A43E-1A11F888F367}.Release|Any CPU.Build.0 = Release|Any CPU
		{75F04079-E8D3-40F1-BCAE-05B1749B2FB8}.Debug|Any CPU.ActiveCfg = Debug|Any CPU
		{75F04079-E8D3-40F1-BCAE-05B1749B2FB8}.Debug|Any CPU.Build.0 = Debug|Any CPU
		{75F04079-E8D3-40F1-BCAE-05B1749B2FB8}.Release|Any CPU.ActiveCfg = Release|Any CPU
		{75F04079-E8D3-40F1-BCAE-05B1749B2FB8}.Release|Any CPU.Build.0 = Release|Any CPU
	EndGlobalSection
	GlobalSection(SolutionProperties) = preSolution
		HideSolutionNode = FALSE
	EndGlobalSection
	GlobalSection(NestedProjects) = preSolution
		{EDD69430-8C1B-4C45-9628-4B1E4A3C4C68} = {1C07B8B1-DFA8-43B4-8D66-5AEA9ED0CDF1}
		{E5EC1543-22C4-46B0-817B-86418591D30E} = {1C07B8B1-DFA8-43B4-8D66-5AEA9ED0CDF1}
		{7B194C13-EFF4-4830-A587-68635EDE5ADF} = {1C07B8B1-DFA8-43B4-8D66-5AEA9ED0CDF1}
		{36E8FC65-9EE0-4C11-BD22-ACA1BE90799B} = {EDD69430-8C1B-4C45-9628-4B1E4A3C4C68}
		{A0EBA51F-7F1D-45E0-A573-25E0C3F23AD4} = {EDD69430-8C1B-4C45-9628-4B1E4A3C4C68}
		{EF45757D-7570-49B2-AD9B-9BF06E64ED96} = {E5EC1543-22C4-46B0-817B-86418591D30E}
		{976FA07B-DEC1-4A5A-847C-B53A8FC33CE2} = {E5EC1543-22C4-46B0-817B-86418591D30E}
		{9DCE900E-92C3-4FD6-A43E-1A11F888F367} = {7B194C13-EFF4-4830-A587-68635EDE5ADF}
		{75F04079-E8D3-40F1-BCAE-05B1749B2FB8} = {7B194C13-EFF4-4830-A587-68635EDE5ADF}
	EndGlobalSection
	GlobalSection(ExtensibilityGlobals) = postSolution
		SolutionGuid = {6E0586FD-FACD-49D6-A61F-9D0A67321B70}
	EndGlobalSection
EndGlobal
